
Microsoft Visual Studio Solution File, Format Version 12.00
# Visual Studio Version 16
VisualStudioVersion = 16.0.29905.134
MinimumVisualStudioVersion = 10.0.40219.1
Project("{9A19103F-16F7-4668-BE54-9A1E7A4F7556}") = "SheetMusicOrganizer", "SheetMusicOrganizer.csproj", "{682C80A2-AC22-4DC6-A371-07EC87012AA6}"
EndProject
Project("{9A19103F-16F7-4668-BE54-9A1E7A4F7556}") = "NAudioWrapper", "..\NaudioWrapper\NAudioWrapper.csproj", "{CA753289-4217-43B2-B69D-2F784CF4BCCE}"
EndProject
Project("{FAE04EC0-301F-11D3-BF4B-00C04F79EFBC}") = "TestProject", "..\TestProject\TestProject.csproj", "{01C234E4-DA3B-4846-9286-3C1D64728700}"
EndProject
Global
	GlobalSection(SolutionConfigurationPlatforms) = preSolution
		Debug|Any CPU = Debug|Any CPU
		Release|Any CPU = Release|Any CPU
	EndGlobalSection
	GlobalSection(ProjectConfigurationPlatforms) = postSolution
		{682C80A2-AC22-4DC6-A371-07EC87012AA6}.Debug|Any CPU.ActiveCfg = Debug|Any CPU
		{682C80A2-AC22-4DC6-A371-07EC87012AA6}.Debug|Any CPU.Build.0 = Debug|Any CPU
		{682C80A2-AC22-4DC6-A371-07EC87012AA6}.Release|Any CPU.ActiveCfg = Release|Any CPU
		{682C80A2-AC22-4DC6-A371-07EC87012AA6}.Release|Any CPU.Build.0 = Release|Any CPU
		{CA753289-4217-43B2-B69D-2F784CF4BCCE}.Debug|Any CPU.ActiveCfg = Debug|Any CPU
		{CA753289-4217-43B2-B69D-2F784CF4BCCE}.Debug|Any CPU.Build.0 = Debug|Any CPU
		{CA753289-4217-43B2-B69D-2F784CF4BCCE}.Release|Any CPU.ActiveCfg = Release|Any CPU
		{CA753289-4217-43B2-B69D-2F784CF4BCCE}.Release|Any CPU.Build.0 = Release|Any CPU
		{01C234E4-DA3B-4846-9286-3C1D64728700}.Debug|Any CPU.ActiveCfg = Debug|Any CPU
		{01C234E4-DA3B-4846-9286-3C1D64728700}.Debug|Any CPU.Build.0 = Debug|Any CPU
		{01C234E4-DA3B-4846-9286-3C1D64728700}.Release|Any CPU.ActiveCfg = Release|Any CPU
		{01C234E4-DA3B-4846-9286-3C1D64728700}.Release|Any CPU.Build.0 = Release|Any CPU
	EndGlobalSection
	GlobalSection(SolutionProperties) = preSolution
		HideSolutionNode = FALSE
	EndGlobalSection
	GlobalSection(ExtensibilityGlobals) = postSolution
		SolutionGuid = {EECEF775-D69D-4BA8-9E1E-4362F0D64493}
	EndGlobalSection
EndGlobal
